
Microsoft Visual Studio Solution File, Format Version 12.00
# Visual Studio Version 17
VisualStudioVersion = 17.6.33815.320
MinimumVisualStudioVersion = 10.0.40219.1
Project("{FAE04EC0-301F-11D3-BF4B-00C04F79EFBC}") = "Entiities", "Entiities\Entiities.csproj", "{22FF4A56-D93D-4310-A3D7-6941610ABC10}"
EndProject
Global
	GlobalSection(SolutionConfigurationPlatforms) = preSolution
		Debug|Any CPU = Debug|Any CPU
		Release|Any CPU = Release|Any CPU
	EndGlobalSection
	GlobalSection(ProjectConfigurationPlatforms) = postSolution
		{22FF4A56-D93D-4310-A3D7-6941610ABC10}.Debug|Any CPU.ActiveCfg = Debug|Any CPU
		{22FF4A56-D93D-4310-A3D7-6941610ABC10}.Debug|Any CPU.Build.0 = Debug|Any CPU
		{22FF4A56-D93D-4310-A3D7-6941610ABC10}.Release|Any CPU.ActiveCfg = Release|Any CPU
		{22FF4A56-D93D-4310-A3D7-6941610ABC10}.Release|Any CPU.Build.0 = Release|Any CPU
	EndGlobalSection
	GlobalSection(SolutionProperties) = preSolution
		HideSolutionNode = FALSE
	EndGlobalSection
	GlobalSection(ExtensibilityGlobals) = postSolution
		SolutionGuid = {0E31ABFB-24F1-46C4-A21E-951C6866D3CF}
	EndGlobalSection
EndGlobal
